
Microsoft Visual Studio Solution File, Format Version 12.00
# Visual Studio 15
VisualStudioVersion = 15.0.27130.2024
MinimumVisualStudioVersion = 10.0.40219.1
Project("{9A19103F-16F7-4668-BE54-9A1E7A4F7556}") = "WiredBrainCoffee.EventHub.CaptureReceiver", "WiredBrainCoffee.EventHub.CaptureReceiver\WiredBrainCoffee.EventHub.CaptureReceiver.csproj", "{C9478012-BD27-4319-8856-830AF9BD1ECE}"
EndProject
Project("{9A19103F-16F7-4668-BE54-9A1E7A4F7556}") = "WiredBrainCoffee.EventHub.Model", "WiredBrainCoffee.EventHub.Model\WiredBrainCoffee.EventHub.Model.csproj", "{927320DB-DCB4-45A2-9C58-6423BF6FDFFB}"
EndProject
Global
	GlobalSection(SolutionConfigurationPlatforms) = preSolution
		Debug|Any CPU = Debug|Any CPU
		Release|Any CPU = Release|Any CPU
	EndGlobalSection
	GlobalSection(ProjectConfigurationPlatforms) = postSolution
		{C9478012-BD27-4319-8856-830AF9BD1ECE}.Debug|Any CPU.ActiveCfg = Debug|Any CPU
		{C9478012-BD27-4319-8856-830AF9BD1ECE}.Debug|Any CPU.Build.0 = Debug|Any CPU
		{C9478012-BD27-4319-8856-830AF9BD1ECE}.Release|Any CPU.ActiveCfg = Release|Any CPU
		{C9478012-BD27-4319-8856-830AF9BD1ECE}.Release|Any CPU.Build.0 = Release|Any CPU
		{927320DB-DCB4-45A2-9C58-6423BF6FDFFB}.Debug|Any CPU.ActiveCfg = Debug|Any CPU
		{927320DB-DCB4-45A2-9C58-6423BF6FDFFB}.Debug|Any CPU.Build.0 = Debug|Any CPU
		{927320DB-DCB4-45A2-9C58-6423BF6FDFFB}.Release|Any CPU.ActiveCfg = Release|Any CPU
		{927320DB-DCB4-45A2-9C58-6423BF6FDFFB}.Release|Any CPU.Build.0 = Release|Any CPU
	EndGlobalSection
	GlobalSection(SolutionProperties) = preSolution
		HideSolutionNode = FALSE
	EndGlobalSection
	GlobalSection(ExtensibilityGlobals) = postSolution
		SolutionGuid = {58EFE294-AA8A-4FFA-AB95-2A727C61B8D9}
	EndGlobalSection
EndGlobal
